// !$*UTF8*$!
{
	archiveVersion = 1;
	classes = {
	};
	objectVersion = 45;
	objects = {

/* Begin PBXAggregateTarget section */
		AE0CDEB911C84CBE00EF2275 /* Cedar-iPhone */ = {
			isa = PBXAggregateTarget;
			buildConfigurationList = AE0CDEBE11C84CE200EF2275 /* Build configuration list for PBXAggregateTarget "Cedar-iPhone" */;
			buildPhases = (
				AE0CDEBD11C84CC400EF2275 /* Build architecture-specific static libs */,
				AE0CDEC011C84D6D00EF2275 /* Build universal static lib */,
				AE0CDECD11C84E8A00EF2275 /* Copy headers to framework */,
			);
			dependencies = (
			);
			name = "Cedar-iPhone";
			productName = "Cedar-iPhone";
		};
/* End PBXAggregateTarget section */

/* Begin PBXBuildFile section */
		8DC2EF530486A6940098B216 /* InfoPlist.strings in Resources */ = {isa = PBXBuildFile; fileRef = 089C1666FE841158C02AAC07 /* InfoPlist.strings */; };
		AE0CDED011C84F2400EF2275 /* CDRFunctions.h in Copy headers to framework */ = {isa = PBXBuildFile; fileRef = AE603D69118CCB6000D312FC /* CDRFunctions.h */; };
		AE0CDED111C84F2400EF2275 /* CDRDefaultRunner.h in Copy headers to framework */ = {isa = PBXBuildFile; fileRef = AE603D6A118CCB6000D312FC /* CDRDefaultRunner.h */; };
		AE0CDED311C84F2400EF2275 /* CDRExampleBase.h in Copy headers to framework */ = {isa = PBXBuildFile; fileRef = AE603D6C118CCB6000D312FC /* CDRExampleBase.h */; };
		AE0CDED611C84F2400EF2275 /* CDRSpec.h in Copy headers to framework */ = {isa = PBXBuildFile; fileRef = AE603D6F118CCB6000D312FC /* CDRSpec.h */; };
		AE0CDED711C84F2400EF2275 /* SpecHelper.h in Copy headers to framework */ = {isa = PBXBuildFile; fileRef = AE603D70118CCB6000D312FC /* SpecHelper.h */; };
		AE0CDED811C84F2400EF2275 /* CedarApplicationDelegate.h in Copy headers to framework */ = {isa = PBXBuildFile; fileRef = AEBAB0C111B9D2380085EC6E /* CedarApplicationDelegate.h */; };
		AE0CDED911C84F2400EF2275 /* CDRExampleRunnerViewController.h in Copy headers to framework */ = {isa = PBXBuildFile; fileRef = AE16DD3111BC874F00270D0B /* CDRExampleRunnerViewController.h */; };
		AE0CDEE711C84F7600EF2275 /* CDRExampleRunner.h in Copy headers to framework */ = {isa = PBXBuildFile; fileRef = AE603D6E118CCB6000D312FC /* CDRExampleRunner.h */; };
		AE12B6D011D01A3E00C236FF /* CDRExampleSpec.m in Sources */ = {isa = PBXBuildFile; fileRef = AE2B9EE211BD5EE900DC1BF2 /* CDRExampleSpec.m */; };
		AE12B6D111D01A4400C236FF /* CDRExampleGroupSpec.m in Sources */ = {isa = PBXBuildFile; fileRef = AE2B9FE711BD76C700DC1BF2 /* CDRExampleGroupSpec.m */; };
		AE12B6D211D01A5000C236FF /* SpecSpec.m in Sources */ = {isa = PBXBuildFile; fileRef = AE603D81118CCBBF00D312FC /* SpecSpec.m */; };
		AE12B6D311D01A5500C236FF /* SpecSpec2.m in Sources */ = {isa = PBXBuildFile; fileRef = AE603D82118CCBBF00D312FC /* SpecSpec2.m */; };
		AE12B6D511D01A7B00C236FF /* main.m in Sources */ = {isa = PBXBuildFile; fileRef = AE12B6D411D01A7B00C236FF /* main.m */; };
		AE12B72511D01C1E00C236FF /* OCHamcrest-iPhone.framework in Frameworks */ = {isa = PBXBuildFile; fileRef = AE12B6F211D01C0800C236FF /* OCHamcrest-iPhone.framework */; };
		AE12B72611D01C1E00C236FF /* OCMock-iPhone.framework in Frameworks */ = {isa = PBXBuildFile; fileRef = AE12B6F411D01C1600C236FF /* OCMock-iPhone.framework */; };
		AE12B74D11D01E3D00C236FF /* Cedar.h in Headers */ = {isa = PBXBuildFile; fileRef = AE12B74C11D01E3D00C236FF /* Cedar.h */; settings = {ATTRIBUTES = (Public, ); }; };
		AE12B74E11D01E3D00C236FF /* Cedar.h in Copy headers to framework */ = {isa = PBXBuildFile; fileRef = AE12B74C11D01E3D00C236FF /* Cedar.h */; };
		AE12B79911D0216700C236FF /* PLBlocks.framework in Frameworks */ = {isa = PBXBuildFile; fileRef = AE12B79811D0216700C236FF /* PLBlocks.framework */; };
		AE16DC7B11BB514300270D0B /* CppSpecSpec.mm in Sources */ = {isa = PBXBuildFile; fileRef = AE16DC7A11BB514300270D0B /* CppSpecSpec.mm */; };
		AE16DC9E11BB52B100270D0B /* ActualValue.h in Headers */ = {isa = PBXBuildFile; fileRef = AE16DC9C11BB52B100270D0B /* ActualValue.h */; };
		AE16DC9F11BB52B100270D0B /* ActualValue.mm in Sources */ = {isa = PBXBuildFile; fileRef = AE16DC9D11BB52B100270D0B /* ActualValue.mm */; };
		AE16DD6B11BC93F600270D0B /* CDRExampleRunnerViewController.m in Sources */ = {isa = PBXBuildFile; fileRef = AE16DD6A11BC93F600270D0B /* CDRExampleRunnerViewController.m */; };
		AE16DF8311C5F45800270D0B /* OCMock.framework in Frameworks */ = {isa = PBXBuildFile; fileRef = AE16DF8211C5F45800270D0B /* OCMock.framework */; };
		AE16DFC211C5F4AD00270D0B /* OCMock.framework in Copy frameworks */ = {isa = PBXBuildFile; fileRef = AE16DF8211C5F45800270D0B /* OCMock.framework */; };
		AE2B9EE311BD5EE900DC1BF2 /* CDRExampleSpec.m in Sources */ = {isa = PBXBuildFile; fileRef = AE2B9EE211BD5EE900DC1BF2 /* CDRExampleSpec.m */; };
		AE2B9FE811BD76C700DC1BF2 /* CDRExampleGroupSpec.m in Sources */ = {isa = PBXBuildFile; fileRef = AE2B9FE711BD76C700DC1BF2 /* CDRExampleGroupSpec.m */; };
		AE2ECB6711D03A7A00580726 /* libCedar-StaticLib-iphonesimulator.a in Frameworks */ = {isa = PBXBuildFile; fileRef = AED41F2C11B869D0006DBB00 /* libCedar-StaticLib-iphonesimulator.a */; };
		AE2ECBAA11D03F6000580726 /* CDRSpecStatusViewController.m in Sources */ = {isa = PBXBuildFile; fileRef = AE2ECBA911D03F6000580726 /* CDRSpecStatusViewController.m */; };
		AE2ECEB711D13BA800580726 /* SpecStatusCell.m in Sources */ = {isa = PBXBuildFile; fileRef = AE2ECEB611D13BA800580726 /* SpecStatusCell.m */; };
		AE2ECF2711D1438500580726 /* SlowSpec.m in Sources */ = {isa = PBXBuildFile; fileRef = AE2ECF2611D1438500580726 /* SlowSpec.m */; };
		AE603C7E118CC85100D312FC /* CDRDefaultRunner.m in Sources */ = {isa = PBXBuildFile; fileRef = AE603C79118CC85100D312FC /* CDRDefaultRunner.m */; };
		AE603C7F118CC85100D312FC /* CDRExample.m in Sources */ = {isa = PBXBuildFile; fileRef = AE603C7A118CC85100D312FC /* CDRExample.m */; };
		AE603C80118CC85100D312FC /* CDRExampleBase.m in Sources */ = {isa = PBXBuildFile; fileRef = AE603C7B118CC85100D312FC /* CDRExampleBase.m */; };
		AE603C81118CC85100D312FC /* CDRExampleGroup.m in Sources */ = {isa = PBXBuildFile; fileRef = AE603C7C118CC85100D312FC /* CDRExampleGroup.m */; };
		AE603C82118CC85100D312FC /* CDRSpec.m in Sources */ = {isa = PBXBuildFile; fileRef = AE603C7D118CC85100D312FC /* CDRSpec.m */; };
		AE603CAB118CC94100D312FC /* CDRFunctions.m in Sources */ = {isa = PBXBuildFile; fileRef = AE603CA9118CC94100D312FC /* CDRFunctions.m */; };
		AE603D32118CC9F800D312FC /* Foundation.framework in Frameworks */ = {isa = PBXBuildFile; fileRef = 0867D69BFE84028FC02AAC07 /* Foundation.framework */; };
		AE603D43118CCA7D00D312FC /* Cedar.framework in Frameworks */ = {isa = PBXBuildFile; fileRef = 8DC2EF5B0486A6940098B216 /* Cedar.framework */; };
		AE603D71118CCB6000D312FC /* CDRFunctions.h in Headers */ = {isa = PBXBuildFile; fileRef = AE603D69118CCB6000D312FC /* CDRFunctions.h */; settings = {ATTRIBUTES = (Public, ); }; };
		AE603D78118CCB6000D312FC /* SpecHelper.h in Headers */ = {isa = PBXBuildFile; fileRef = AE603D70118CCB6000D312FC /* SpecHelper.h */; settings = {ATTRIBUTES = (Public, ); }; };
		AE603DCA118CCCBE00D312FC /* SpecSpec.m in Sources */ = {isa = PBXBuildFile; fileRef = AE603D81118CCBBF00D312FC /* SpecSpec.m */; };
		AE603DCB118CCCC700D312FC /* SpecSpec2.m in Sources */ = {isa = PBXBuildFile; fileRef = AE603D82118CCBBF00D312FC /* SpecSpec2.m */; };
		AE603E0A118CCD7000D312FC /* OCHamcrest.framework in Frameworks */ = {isa = PBXBuildFile; fileRef = AE603DDB118CCD6400D312FC /* OCHamcrest.framework */; };
		AE603E15118CCE1F00D312FC /* main.m in Sources */ = {isa = PBXBuildFile; fileRef = AE603E14118CCE1F00D312FC /* main.m */; };
		AE603E30118CCE8600D312FC /* OCHamcrest.framework in Copy frameworks */ = {isa = PBXBuildFile; fileRef = AE603DDB118CCD6400D312FC /* OCHamcrest.framework */; };
		AEBAB0C411B9D8120085EC6E /* CedarApplicationDelegate.m in Sources */ = {isa = PBXBuildFile; fileRef = AEBAB0C311B9D8120085EC6E /* CedarApplicationDelegate.m */; };
		AED41F3211B86A44006DBB00 /* CDRDefaultRunner.m in Sources */ = {isa = PBXBuildFile; fileRef = AE603C79118CC85100D312FC /* CDRDefaultRunner.m */; };
		AED41F3311B86A44006DBB00 /* CDRExample.m in Sources */ = {isa = PBXBuildFile; fileRef = AE603C7A118CC85100D312FC /* CDRExample.m */; };
		AED41F3411B86A44006DBB00 /* CDRExampleBase.m in Sources */ = {isa = PBXBuildFile; fileRef = AE603C7B118CC85100D312FC /* CDRExampleBase.m */; };
		AED41F3511B86A44006DBB00 /* CDRExampleGroup.m in Sources */ = {isa = PBXBuildFile; fileRef = AE603C7C118CC85100D312FC /* CDRExampleGroup.m */; };
		AED41F3611B86A44006DBB00 /* CDRSpec.m in Sources */ = {isa = PBXBuildFile; fileRef = AE603C7D118CC85100D312FC /* CDRSpec.m */; };
		AED41F3711B86A44006DBB00 /* CDRFunctions.m in Sources */ = {isa = PBXBuildFile; fileRef = AE603CA9118CC94100D312FC /* CDRFunctions.m */; };
		AED41F9411B871BC006DBB00 /* CDRSpec.h in Headers */ = {isa = PBXBuildFile; fileRef = AE603D6F118CCB6000D312FC /* CDRSpec.h */; settings = {ATTRIBUTES = (Public, ); }; };
		AED41F9511B871C1006DBB00 /* CDRExampleBase.h in Headers */ = {isa = PBXBuildFile; fileRef = AE603D6C118CCB6000D312FC /* CDRExampleBase.h */; settings = {ATTRIBUTES = (Public, ); }; };
/* End PBXBuildFile section */

/* Begin PBXContainerItemProxy section */
		AE2ECB6511D03A7600580726 /* PBXContainerItemProxy */ = {
			isa = PBXContainerItemProxy;
			containerPortal = 0867D690FE84028FC02AAC07 /* Project object */;
			proxyType = 1;
			remoteGlobalIDString = AED41F2B11B869D0006DBB00;
			remoteInfo = "Cedar-StaticLib";
		};
		AE603D41118CCA7600D312FC /* PBXContainerItemProxy */ = {
			isa = PBXContainerItemProxy;
			containerPortal = 0867D690FE84028FC02AAC07 /* Project object */;
			proxyType = 1;
			remoteGlobalIDString = 8DC2EF4F0486A6940098B216;
			remoteInfo = Cedar;
		};
/* End PBXContainerItemProxy section */

/* Begin PBXCopyFilesBuildPhase section */
		AE0CDECD11C84E8A00EF2275 /* Copy headers to framework */ = {
			isa = PBXCopyFilesBuildPhase;
			buildActionMask = 2147483647;
			dstPath = "${BUILD_DIR}/${CONFIGURATION}-iphoneuniversal/${PRODUCT_NAME}.framework/Headers";
			dstSubfolderSpec = 0;
			files = (
				AE0CDED011C84F2400EF2275 /* CDRFunctions.h in Copy headers to framework */,
				AE0CDED111C84F2400EF2275 /* CDRDefaultRunner.h in Copy headers to framework */,
				AE0CDED311C84F2400EF2275 /* CDRExampleBase.h in Copy headers to framework */,
				AE0CDED611C84F2400EF2275 /* CDRSpec.h in Copy headers to framework */,
				AE0CDED711C84F2400EF2275 /* SpecHelper.h in Copy headers to framework */,
				AE0CDED811C84F2400EF2275 /* CedarApplicationDelegate.h in Copy headers to framework */,
				AE0CDED911C84F2400EF2275 /* CDRExampleRunnerViewController.h in Copy headers to framework */,
				AE0CDEE711C84F7600EF2275 /* CDRExampleRunner.h in Copy headers to framework */,
				AE12B74E11D01E3D00C236FF /* Cedar.h in Copy headers to framework */,
			);
			name = "Copy headers to framework";
			runOnlyForDeploymentPostprocessing = 0;
		};
		AE603E35118CCEAD00D312FC /* Copy frameworks */ = {
			isa = PBXCopyFilesBuildPhase;
			buildActionMask = 2147483647;
			dstPath = "";
			dstSubfolderSpec = 10;
			files = (
				AE16DFC211C5F4AD00270D0B /* OCMock.framework in Copy frameworks */,
				AE603E30118CCE8600D312FC /* OCHamcrest.framework in Copy frameworks */,
			);
			name = "Copy frameworks";
			runOnlyForDeploymentPostprocessing = 0;
		};
/* End PBXCopyFilesBuildPhase section */

/* Begin PBXFileReference section */
		0867D69BFE84028FC02AAC07 /* Foundation.framework */ = {isa = PBXFileReference; lastKnownFileType = wrapper.framework; name = Foundation.framework; path = /System/Library/Frameworks/Foundation.framework; sourceTree = "<absolute>"; };
		089C1667FE841158C02AAC07 /* English */ = {isa = PBXFileReference; fileEncoding = 4; lastKnownFileType = text.plist.strings; name = English; path = English.lproj/InfoPlist.strings; sourceTree = "<group>"; };
		8DC2EF5A0486A6940098B216 /* Info.plist */ = {isa = PBXFileReference; fileEncoding = 4; lastKnownFileType = text.plist.xml; path = Info.plist; sourceTree = "<group>"; };
		8DC2EF5B0486A6940098B216 /* Cedar.framework */ = {isa = PBXFileReference; explicitFileType = wrapper.framework; includeInIndex = 0; path = Cedar.framework; sourceTree = BUILT_PRODUCTS_DIR; };
		AE12B63211D0191000C236FF /* iPhoneSpecs.app */ = {isa = PBXFileReference; explicitFileType = wrapper.application; includeInIndex = 0; path = iPhoneSpecs.app; sourceTree = BUILT_PRODUCTS_DIR; };
		AE12B63411D0191000C236FF /* iPhoneSpecs-Info.plist */ = {isa = PBXFileReference; lastKnownFileType = text.plist.xml; path = "iPhoneSpecs-Info.plist"; sourceTree = "<group>"; };
		AE12B6D411D01A7B00C236FF /* main.m */ = {isa = PBXFileReference; fileEncoding = 4; lastKnownFileType = sourcecode.c.objc; path = main.m; sourceTree = "<group>"; };
		AE12B6F211D01C0800C236FF /* OCHamcrest-iPhone.framework */ = {isa = PBXFileReference; lastKnownFileType = wrapper.framework; name = "OCHamcrest-iPhone.framework"; path = "/Users/pivotal/workspace/OCHamcrest/Source/build/Release-iphoneuniversal/OCHamcrest-iPhone.framework"; sourceTree = "<absolute>"; };
		AE12B6F411D01C1600C236FF /* OCMock-iPhone.framework */ = {isa = PBXFileReference; lastKnownFileType = wrapper.framework; name = "OCMock-iPhone.framework"; path = "/Users/pivotal/workspace/OCMock/Source/build/Release-iphoneuniversal/OCMock-iPhone.framework"; sourceTree = "<absolute>"; };
		AE12B74C11D01E3D00C236FF /* Cedar.h */ = {isa = PBXFileReference; fileEncoding = 4; lastKnownFileType = sourcecode.c.h; path = Cedar.h; sourceTree = "<group>"; };
		AE12B79811D0216700C236FF /* PLBlocks.framework */ = {isa = PBXFileReference; lastKnownFileType = wrapper.framework; name = PLBlocks.framework; path = ../StoryAccepter/PLBlocks.framework; sourceTree = "<group>"; };
		AE16DC7A11BB514300270D0B /* CppSpecSpec.mm */ = {isa = PBXFileReference; fileEncoding = 4; lastKnownFileType = sourcecode.cpp.objcpp; path = CppSpecSpec.mm; sourceTree = "<group>"; };
		AE16DC9C11BB52B100270D0B /* ActualValue.h */ = {isa = PBXFileReference; fileEncoding = 4; lastKnownFileType = sourcecode.c.h; path = ActualValue.h; sourceTree = "<group>"; };
		AE16DC9D11BB52B100270D0B /* ActualValue.mm */ = {isa = PBXFileReference; fileEncoding = 4; lastKnownFileType = sourcecode.cpp.objcpp; path = ActualValue.mm; sourceTree = "<group>"; };
		AE16DD3111BC874F00270D0B /* CDRExampleRunnerViewController.h */ = {isa = PBXFileReference; fileEncoding = 4; lastKnownFileType = sourcecode.c.h; path = CDRExampleRunnerViewController.h; sourceTree = "<group>"; };
		AE16DD6A11BC93F600270D0B /* CDRExampleRunnerViewController.m */ = {isa = PBXFileReference; fileEncoding = 4; lastKnownFileType = sourcecode.c.objc; path = CDRExampleRunnerViewController.m; sourceTree = "<group>"; };
		AE16DF8211C5F45800270D0B /* OCMock.framework */ = {isa = PBXFileReference; lastKnownFileType = wrapper.framework; name = OCMock.framework; path = ../OCMock/Source/build/Release/OCMock.framework; sourceTree = "<group>"; };
		AE17ECE211B6F00B004C4DC0 /* MACROS */ = {isa = PBXFileReference; fileEncoding = 4; lastKnownFileType = text; path = MACROS; sourceTree = "<group>"; };
		AE2B9EE211BD5EE900DC1BF2 /* CDRExampleSpec.m */ = {isa = PBXFileReference; fileEncoding = 4; lastKnownFileType = sourcecode.c.objc; path = CDRExampleSpec.m; sourceTree = "<group>"; };
		AE2B9FE711BD76C700DC1BF2 /* CDRExampleGroupSpec.m */ = {isa = PBXFileReference; fileEncoding = 4; lastKnownFileType = sourcecode.c.objc; path = CDRExampleGroupSpec.m; sourceTree = "<group>"; };
		AE2ECBA911D03F6000580726 /* CDRSpecStatusViewController.m */ = {isa = PBXFileReference; fileEncoding = 4; lastKnownFileType = sourcecode.c.objc; path = CDRSpecStatusViewController.m; sourceTree = "<group>"; };
		AE2ECBAB11D03F8D00580726 /* CDRSpecStatusViewController.h */ = {isa = PBXFileReference; fileEncoding = 4; lastKnownFileType = sourcecode.c.h; path = CDRSpecStatusViewController.h; sourceTree = "<group>"; };
		AE2ECEB511D13BA800580726 /* SpecStatusCell.h */ = {isa = PBXFileReference; fileEncoding = 4; lastKnownFileType = sourcecode.c.h; path = SpecStatusCell.h; sourceTree = "<group>"; };
		AE2ECEB611D13BA800580726 /* SpecStatusCell.m */ = {isa = PBXFileReference; fileEncoding = 4; lastKnownFileType = sourcecode.c.objc; path = SpecStatusCell.m; sourceTree = "<group>"; };
		AE2ECF2611D1438500580726 /* SlowSpec.m */ = {isa = PBXFileReference; fileEncoding = 4; lastKnownFileType = sourcecode.c.objc; path = SlowSpec.m; sourceTree = "<group>"; };
		AE4E524911B357F5001E36F3 /* README.markdown */ = {isa = PBXFileReference; fileEncoding = 4; lastKnownFileType = text; path = README.markdown; sourceTree = "<group>"; };
		AE603C79118CC85100D312FC /* CDRDefaultRunner.m */ = {isa = PBXFileReference; fileEncoding = 4; lastKnownFileType = sourcecode.c.objc; path = CDRDefaultRunner.m; sourceTree = "<group>"; };
		AE603C7A118CC85100D312FC /* CDRExample.m */ = {isa = PBXFileReference; fileEncoding = 4; lastKnownFileType = sourcecode.c.objc; path = CDRExample.m; sourceTree = "<group>"; };
		AE603C7B118CC85100D312FC /* CDRExampleBase.m */ = {isa = PBXFileReference; fileEncoding = 4; lastKnownFileType = sourcecode.c.objc; path = CDRExampleBase.m; sourceTree = "<group>"; };
		AE603C7C118CC85100D312FC /* CDRExampleGroup.m */ = {isa = PBXFileReference; fileEncoding = 4; lastKnownFileType = sourcecode.c.objc; path = CDRExampleGroup.m; sourceTree = "<group>"; };
		AE603C7D118CC85100D312FC /* CDRSpec.m */ = {isa = PBXFileReference; fileEncoding = 4; lastKnownFileType = sourcecode.c.objc; path = CDRSpec.m; sourceTree = "<group>"; };
		AE603CA9118CC94100D312FC /* CDRFunctions.m */ = {isa = PBXFileReference; fileEncoding = 4; lastKnownFileType = sourcecode.c.objc; path = CDRFunctions.m; sourceTree = "<group>"; };
		AE603D65118CCB2100D312FC /* Test */ = {isa = PBXFileReference; explicitFileType = "compiled.mach-o.executable"; includeInIndex = 0; path = Test; sourceTree = BUILT_PRODUCTS_DIR; };
		AE603D69118CCB6000D312FC /* CDRFunctions.h */ = {isa = PBXFileReference; fileEncoding = 4; lastKnownFileType = sourcecode.c.h; path = CDRFunctions.h; sourceTree = "<group>"; };
		AE603D6A118CCB6000D312FC /* CDRDefaultRunner.h */ = {isa = PBXFileReference; fileEncoding = 4; lastKnownFileType = sourcecode.c.h; path = CDRDefaultRunner.h; sourceTree = "<group>"; };
		AE603D6B118CCB6000D312FC /* CDRExample.h */ = {isa = PBXFileReference; fileEncoding = 4; lastKnownFileType = sourcecode.c.h; path = CDRExample.h; sourceTree = "<group>"; };
		AE603D6C118CCB6000D312FC /* CDRExampleBase.h */ = {isa = PBXFileReference; fileEncoding = 4; lastKnownFileType = sourcecode.c.h; path = CDRExampleBase.h; sourceTree = "<group>"; };
		AE603D6D118CCB6000D312FC /* CDRExampleGroup.h */ = {isa = PBXFileReference; fileEncoding = 4; lastKnownFileType = sourcecode.c.h; path = CDRExampleGroup.h; sourceTree = "<group>"; };
		AE603D6E118CCB6000D312FC /* CDRExampleRunner.h */ = {isa = PBXFileReference; fileEncoding = 4; lastKnownFileType = sourcecode.c.h; path = CDRExampleRunner.h; sourceTree = "<group>"; };
		AE603D6F118CCB6000D312FC /* CDRSpec.h */ = {isa = PBXFileReference; fileEncoding = 4; lastKnownFileType = sourcecode.c.h; path = CDRSpec.h; sourceTree = "<group>"; };
		AE603D70118CCB6000D312FC /* SpecHelper.h */ = {isa = PBXFileReference; fileEncoding = 4; lastKnownFileType = sourcecode.c.h; path = SpecHelper.h; sourceTree = "<group>"; };
		AE603D81118CCBBF00D312FC /* SpecSpec.m */ = {isa = PBXFileReference; fileEncoding = 4; lastKnownFileType = sourcecode.c.objc; path = SpecSpec.m; sourceTree = "<group>"; };
		AE603D82118CCBBF00D312FC /* SpecSpec2.m */ = {isa = PBXFileReference; fileEncoding = 4; lastKnownFileType = sourcecode.c.objc; path = SpecSpec2.m; sourceTree = "<group>"; };
		AE603DDB118CCD6400D312FC /* OCHamcrest.framework */ = {isa = PBXFileReference; lastKnownFileType = wrapper.framework; name = OCHamcrest.framework; path = ../OCHamcrest/Source/build/Release/OCHamcrest.framework; sourceTree = "<group>"; };
		AE603E14118CCE1F00D312FC /* main.m */ = {isa = PBXFileReference; fileEncoding = 4; lastKnownFileType = sourcecode.c.objc; path = main.m; sourceTree = "<group>"; };
		AEBAB0C111B9D2380085EC6E /* CedarApplicationDelegate.h */ = {isa = PBXFileReference; fileEncoding = 4; lastKnownFileType = sourcecode.c.h; path = CedarApplicationDelegate.h; sourceTree = "<group>"; };
		AEBAB0C311B9D8120085EC6E /* CedarApplicationDelegate.m */ = {isa = PBXFileReference; fileEncoding = 4; lastKnownFileType = sourcecode.c.objc; path = CedarApplicationDelegate.m; sourceTree = "<group>"; };
		AED41F2C11B869D0006DBB00 /* libCedar-StaticLib-iphonesimulator.a */ = {isa = PBXFileReference; explicitFileType = archive.ar; includeInIndex = 0; path = "libCedar-StaticLib-iphonesimulator.a"; sourceTree = BUILT_PRODUCTS_DIR; };
/* End PBXFileReference section */

/* Begin PBXFrameworksBuildPhase section */
		8DC2EF560486A6940098B216 /* Frameworks */ = {
			isa = PBXFrameworksBuildPhase;
			buildActionMask = 2147483647;
			files = (
				AE603D32118CC9F800D312FC /* Foundation.framework in Frameworks */,
			);
			runOnlyForDeploymentPostprocessing = 0;
		};
		AE12B63011D0191000C236FF /* Frameworks */ = {
			isa = PBXFrameworksBuildPhase;
			buildActionMask = 2147483647;
			files = (
				AE12B72511D01C1E00C236FF /* OCHamcrest-iPhone.framework in Frameworks */,
				AE12B72611D01C1E00C236FF /* OCMock-iPhone.framework in Frameworks */,
				AE12B79911D0216700C236FF /* PLBlocks.framework in Frameworks */,
				AE2ECB6711D03A7A00580726 /* libCedar-StaticLib-iphonesimulator.a in Frameworks */,
			);
			runOnlyForDeploymentPostprocessing = 0;
		};
		AE603D3B118CCA7000D312FC /* Frameworks */ = {
			isa = PBXFrameworksBuildPhase;
			buildActionMask = 2147483647;
			files = (
				AE16DF8311C5F45800270D0B /* OCMock.framework in Frameworks */,
				AE603E0A118CCD7000D312FC /* OCHamcrest.framework in Frameworks */,
				AE603D43118CCA7D00D312FC /* Cedar.framework in Frameworks */,
			);
			runOnlyForDeploymentPostprocessing = 0;
		};
		AED41F2A11B869D0006DBB00 /* Frameworks */ = {
			isa = PBXFrameworksBuildPhase;
			buildActionMask = 2147483647;
			files = (
			);
			runOnlyForDeploymentPostprocessing = 0;
		};
/* End PBXFrameworksBuildPhase section */

/* Begin PBXGroup section */
		034768DFFF38A50411DB9C8B /* Products */ = {
			isa = PBXGroup;
			children = (
				8DC2EF5B0486A6940098B216 /* Cedar.framework */,
				AE603D65118CCB2100D312FC /* Test */,
				AED41F2C11B869D0006DBB00 /* libCedar-StaticLib-iphonesimulator.a */,
				AE12B63211D0191000C236FF /* iPhoneSpecs.app */,
			);
			name = Products;
			sourceTree = "<group>";
		};
		0867D691FE84028FC02AAC07 /* Cedar */ = {
			isa = PBXGroup;
			children = (
				AE603C76118CC81500D312FC /* Source */,
				AE603D7A118CCB7F00D312FC /* Spec */,
				089C1665FE841158C02AAC07 /* Resources */,
				0867D69AFE84028FC02AAC07 /* External Frameworks and Libraries */,
				034768DFFF38A50411DB9C8B /* Products */,
				AE4E524911B357F5001E36F3 /* README.markdown */,
				AE17ECE211B6F00B004C4DC0 /* MACROS */,
				AE12B63411D0191000C236FF /* iPhoneSpecs-Info.plist */,
				AE12B79811D0216700C236FF /* PLBlocks.framework */,
			);
			name = Cedar;
			sourceTree = "<group>";
		};
		0867D69AFE84028FC02AAC07 /* External Frameworks and Libraries */ = {
			isa = PBXGroup;
			children = (
				0867D69BFE84028FC02AAC07 /* Foundation.framework */,
				AE603DDB118CCD6400D312FC /* OCHamcrest.framework */,
				AE16DF8211C5F45800270D0B /* OCMock.framework */,
				AE12B6F211D01C0800C236FF /* OCHamcrest-iPhone.framework */,
				AE12B6F411D01C1600C236FF /* OCMock-iPhone.framework */,
			);
			name = "External Frameworks and Libraries";
			sourceTree = "<group>";
		};
		089C1665FE841158C02AAC07 /* Resources */ = {
			isa = PBXGroup;
			children = (
				8DC2EF5A0486A6940098B216 /* Info.plist */,
				089C1666FE841158C02AAC07 /* InfoPlist.strings */,
			);
			name = Resources;
			sourceTree = "<group>";
		};
		AE12B6CE11D019F500C236FF /* iPhone */ = {
			isa = PBXGroup;
			children = (
				AE12B6D411D01A7B00C236FF /* main.m */,
				AE2ECF2611D1438500580726 /* SlowSpec.m */,
			);
			path = iPhone;
			sourceTree = "<group>";
		};
		AE16DC9911BB524000270D0B /* Matchers */ = {
			isa = PBXGroup;
			children = (
				AE16DC9C11BB52B100270D0B /* ActualValue.h */,
				AE16DC9D11BB52B100270D0B /* ActualValue.mm */,
			);
			name = Matchers;
			path = ../../cedar/Source/Matchers;
			sourceTree = "<group>";
		};
		AE16DD2011BC868900270D0B /* iPhone */ = {
			isa = PBXGroup;
			children = (
				AEBAB0C311B9D8120085EC6E /* CedarApplicationDelegate.m */,
				AE16DD6A11BC93F600270D0B /* CDRExampleRunnerViewController.m */,
				AE2ECBA911D03F6000580726 /* CDRSpecStatusViewController.m */,
				AE2ECEB611D13BA800580726 /* SpecStatusCell.m */,
			);
			path = iPhone;
			sourceTree = "<group>";
		};
		AE16DD2111BC868E00270D0B /* iPhone */ = {
			isa = PBXGroup;
			children = (
				AE2ECEB511D13BA800580726 /* SpecStatusCell.h */,
				AE2ECBAB11D03F8D00580726 /* CDRSpecStatusViewController.h */,
				AEBAB0C111B9D2380085EC6E /* CedarApplicationDelegate.h */,
				AE16DD3111BC874F00270D0B /* CDRExampleRunnerViewController.h */,
			);
			path = iPhone;
			sourceTree = "<group>";
		};
		AE603C76118CC81500D312FC /* Source */ = {
			isa = PBXGroup;
			children = (
				AE16DD2011BC868900270D0B /* iPhone */,
				AE16DC9911BB524000270D0B /* Matchers */,
				AE603C78118CC81D00D312FC /* Headers */,
				AE603C79118CC85100D312FC /* CDRDefaultRunner.m */,
				AE603C7A118CC85100D312FC /* CDRExample.m */,
				AE603C7B118CC85100D312FC /* CDRExampleBase.m */,
				AE603C7C118CC85100D312FC /* CDRExampleGroup.m */,
				AE603C7D118CC85100D312FC /* CDRSpec.m */,
				AE603CA9118CC94100D312FC /* CDRFunctions.m */,
			);
			name = Source;
			path = ../cedar/Source;
			sourceTree = "<group>";
		};
		AE603C78118CC81D00D312FC /* Headers */ = {
			isa = PBXGroup;
			children = (
				AE16DD2111BC868E00270D0B /* iPhone */,
				AE603D69118CCB6000D312FC /* CDRFunctions.h */,
				AE603D6A118CCB6000D312FC /* CDRDefaultRunner.h */,
				AE603D6B118CCB6000D312FC /* CDRExample.h */,
				AE603D6C118CCB6000D312FC /* CDRExampleBase.h */,
				AE603D6D118CCB6000D312FC /* CDRExampleGroup.h */,
				AE603D6E118CCB6000D312FC /* CDRExampleRunner.h */,
				AE603D6F118CCB6000D312FC /* CDRSpec.h */,
				AE603D70118CCB6000D312FC /* SpecHelper.h */,
				AE12B74C11D01E3D00C236FF /* Cedar.h */,
			);
			path = Headers;
			sourceTree = "<group>";
		};
		AE603D7A118CCB7F00D312FC /* Spec */ = {
			isa = PBXGroup;
			children = (
				AE12B6CE11D019F500C236FF /* iPhone */,
				AE603D81118CCBBF00D312FC /* SpecSpec.m */,
				AE603D82118CCBBF00D312FC /* SpecSpec2.m */,
				AE603E14118CCE1F00D312FC /* main.m */,
				AE16DC7A11BB514300270D0B /* CppSpecSpec.mm */,
				AE2B9EE211BD5EE900DC1BF2 /* CDRExampleSpec.m */,
				AE2B9FE711BD76C700DC1BF2 /* CDRExampleGroupSpec.m */,
			);
			path = Spec;
			sourceTree = "<group>";
		};
/* End PBXGroup section */

/* Begin PBXHeadersBuildPhase section */
		8DC2EF500486A6940098B216 /* Headers */ = {
			isa = PBXHeadersBuildPhase;
			buildActionMask = 2147483647;
			files = (
				AE603D71118CCB6000D312FC /* CDRFunctions.h in Headers */,
				AE603D78118CCB6000D312FC /* SpecHelper.h in Headers */,
				AED41F9411B871BC006DBB00 /* CDRSpec.h in Headers */,
				AED41F9511B871C1006DBB00 /* CDRExampleBase.h in Headers */,
				AE16DC9E11BB52B100270D0B /* ActualValue.h in Headers */,
				AE12B74D11D01E3D00C236FF /* Cedar.h in Headers */,
			);
			runOnlyForDeploymentPostprocessing = 0;
		};
/* End PBXHeadersBuildPhase section */

/* Begin PBXNativeTarget section */
		8DC2EF4F0486A6940098B216 /* Cedar */ = {
			isa = PBXNativeTarget;
			buildConfigurationList = 1DEB91AD08733DA50010E9CD /* Build configuration list for PBXNativeTarget "Cedar" */;
			buildPhases = (
				8DC2EF500486A6940098B216 /* Headers */,
				8DC2EF520486A6940098B216 /* Resources */,
				8DC2EF540486A6940098B216 /* Sources */,
				8DC2EF560486A6940098B216 /* Frameworks */,
			);
			buildRules = (
			);
			dependencies = (
			);
			name = Cedar;
			productInstallPath = "$(HOME)/Library/Frameworks";
			productName = Cedar;
			productReference = 8DC2EF5B0486A6940098B216 /* Cedar.framework */;
			productType = "com.apple.product-type.framework";
		};
		AE12B63111D0191000C236FF /* iPhoneSpecs */ = {
			isa = PBXNativeTarget;
			buildConfigurationList = AE12B63711D0191000C236FF /* Build configuration list for PBXNativeTarget "iPhoneSpecs" */;
			buildPhases = (
				AE12B62E11D0191000C236FF /* Resources */,
				AE12B62F11D0191000C236FF /* Sources */,
				AE12B63011D0191000C236FF /* Frameworks */,
			);
			buildRules = (
			);
			dependencies = (
				AE2ECB6611D03A7600580726 /* PBXTargetDependency */,
			);
			name = iPhoneSpecs;
			productName = iPhoneSpecs;
			productReference = AE12B63211D0191000C236FF /* iPhoneSpecs.app */;
			productType = "com.apple.product-type.application";
		};
		AE603D3C118CCA7000D312FC /* Specs */ = {
			isa = PBXNativeTarget;
			buildConfigurationList = AE603D45118CCA9B00D312FC /* Build configuration list for PBXNativeTarget "Specs" */;
			buildPhases = (
				AE603D3A118CCA7000D312FC /* Sources */,
				AE603D3B118CCA7000D312FC /* Frameworks */,
				AE603E35118CCEAD00D312FC /* Copy frameworks */,
			);
			buildRules = (
			);
			dependencies = (
				AE603D42118CCA7600D312FC /* PBXTargetDependency */,
			);
			name = Specs;
			productName = Test;
			productReference = AE603D65118CCB2100D312FC /* Test */;
			productType = "com.apple.product-type.tool";
		};
		AED41F2B11B869D0006DBB00 /* Cedar-StaticLib */ = {
			isa = PBXNativeTarget;
			buildConfigurationList = AED41F3111B86A3B006DBB00 /* Build configuration list for PBXNativeTarget "Cedar-StaticLib" */;
			buildPhases = (
				AED41F2911B869D0006DBB00 /* Sources */,
				AED41F2A11B869D0006DBB00 /* Frameworks */,
			);
			buildRules = (
			);
			dependencies = (
			);
			name = "Cedar-StaticLib";
			productName = "Cedar-iPhone";
			productReference = AED41F2C11B869D0006DBB00 /* libCedar-StaticLib-iphonesimulator.a */;
			productType = "com.apple.product-type.library.static";
		};
/* End PBXNativeTarget section */

/* Begin PBXProject section */
		0867D690FE84028FC02AAC07 /* Project object */ = {
			isa = PBXProject;
			buildConfigurationList = 1DEB91B108733DA50010E9CD /* Build configuration list for PBXProject "Cedar" */;
			compatibilityVersion = "Xcode 3.1";
			hasScannedForEncodings = 1;
			mainGroup = 0867D691FE84028FC02AAC07 /* Cedar */;
			productRefGroup = 034768DFFF38A50411DB9C8B /* Products */;
			projectDirPath = "";
			projectRoot = "";
			targets = (
				8DC2EF4F0486A6940098B216 /* Cedar */,
				AE603D3C118CCA7000D312FC /* Specs */,
				AED41F2B11B869D0006DBB00 /* Cedar-StaticLib */,
				AE0CDEB911C84CBE00EF2275 /* Cedar-iPhone */,
				AE12B63111D0191000C236FF /* iPhoneSpecs */,
			);
		};
/* End PBXProject section */

/* Begin PBXResourcesBuildPhase section */
		8DC2EF520486A6940098B216 /* Resources */ = {
			isa = PBXResourcesBuildPhase;
			buildActionMask = 2147483647;
			files = (
				8DC2EF530486A6940098B216 /* InfoPlist.strings in Resources */,
			);
			runOnlyForDeploymentPostprocessing = 0;
		};
		AE12B62E11D0191000C236FF /* Resources */ = {
			isa = PBXResourcesBuildPhase;
			buildActionMask = 2147483647;
			files = (
			);
			runOnlyForDeploymentPostprocessing = 0;
		};
/* End PBXResourcesBuildPhase section */

/* Begin PBXShellScriptBuildPhase section */
		AE0CDEBD11C84CC400EF2275 /* Build architecture-specific static libs */ = {
			isa = PBXShellScriptBuildPhase;
			buildActionMask = 2147483647;
			files = (
			);
			inputPaths = (
			);
			name = "Build architecture-specific static libs";
			outputPaths = (
			);
			runOnlyForDeploymentPostprocessing = 0;
			shellPath = /bin/sh;
			shellScript = "xcodebuild -project ${PROJECT_NAME}.xcodeproj -sdk iphonesimulator3.2 -target ${PROJECT_NAME}-StaticLib -configuration ${CONFIGURATION} clean build\nxcodebuild -project ${PROJECT_NAME}.xcodeproj -sdk iphoneos3.2 -target ${PROJECT_NAME}-StaticLib -configuration ${CONFIGURATION} clean build";
		};
		AE0CDEC011C84D6D00EF2275 /* Build universal static lib */ = {
			isa = PBXShellScriptBuildPhase;
			buildActionMask = 2147483647;
			files = (
			);
			inputPaths = (
			);
			name = "Build universal static lib";
			outputPaths = (
			);
			runOnlyForDeploymentPostprocessing = 0;
			shellPath = /bin/sh;
			shellScript = "SIMULATOR_LIBRARY_PATH=\"${BUILD_DIR}/${CONFIGURATION}-iphonesimulator/lib${PROJECT_NAME}-StaticLib-iphonesimulator.a\" &&\n\tDEVICE_LIBRARY_PATH=\"${BUILD_DIR}/${CONFIGURATION}-iphoneos/lib${PROJECT_NAME}-StaticLib-iphoneos.a\" &&\n\tUNIVERSAL_LIBRARY_DIR=\"${BUILD_DIR}/${CONFIGURATION}-iphoneuniversal\" &&\n\tUNIVERSAL_LIBRARY_PATH=\"${UNIVERSAL_LIBRARY_DIR}/${PRODUCT_NAME}\" &&\n\tFRAMEWORK=\"${UNIVERSAL_LIBRARY_DIR}/${PRODUCT_NAME}.framework\" &&\n\n# Create framework directory structure.\n\trm -rf \"${FRAMEWORK}\" &&\n\tmkdir -p \"${UNIVERSAL_LIBRARY_DIR}\" &&\n\tmkdir -p \"${FRAMEWORK}/Versions/A/Headers\" &&\n\tmkdir -p \"${FRAMEWORK}/Versions/A/Resources\" &&\n\n# Generate universal binary from desktop, device, and simulator builds.\n\tlipo \"${SIMULATOR_LIBRARY_PATH}\" \"${DEVICE_LIBRARY_PATH}\" -create -output \"${UNIVERSAL_LIBRARY_PATH}\" &&\n\n# Move files to appropriate locations in framework paths.\n\tcp \"${UNIVERSAL_LIBRARY_PATH}\" \"${FRAMEWORK}/Versions/A\" &&\n\tln -s \"${FRAMEWORK}/Versions/A\" \"${FRAMEWORK}/Versions/Current\" &&\n\tln -s \"${FRAMEWORK}/Versions/Current/Headers\" \"${FRAMEWORK}/Headers\" &&\n\tln -s \"${FRAMEWORK}/Versions/Current/Resources\" \"${FRAMEWORK}/Resources\" &&\n\tln -s \"${FRAMEWORK}/Versions/Current/${PRODUCT_NAME}\" \"${FRAMEWORK}/${PRODUCT_NAME}\"\n";
		};
/* End PBXShellScriptBuildPhase section */

/* Begin PBXSourcesBuildPhase section */
		8DC2EF540486A6940098B216 /* Sources */ = {
			isa = PBXSourcesBuildPhase;
			buildActionMask = 2147483647;
			files = (
				AE603C7E118CC85100D312FC /* CDRDefaultRunner.m in Sources */,
				AE603C7F118CC85100D312FC /* CDRExample.m in Sources */,
				AE603C80118CC85100D312FC /* CDRExampleBase.m in Sources */,
				AE603C81118CC85100D312FC /* CDRExampleGroup.m in Sources */,
				AE603C82118CC85100D312FC /* CDRSpec.m in Sources */,
				AE603CAB118CC94100D312FC /* CDRFunctions.m in Sources */,
				AE16DC9F11BB52B100270D0B /* ActualValue.mm in Sources */,
			);
			runOnlyForDeploymentPostprocessing = 0;
		};
		AE12B62F11D0191000C236FF /* Sources */ = {
			isa = PBXSourcesBuildPhase;
			buildActionMask = 2147483647;
			files = (
				AE12B6D011D01A3E00C236FF /* CDRExampleSpec.m in Sources */,
				AE12B6D111D01A4400C236FF /* CDRExampleGroupSpec.m in Sources */,
				AE12B6D211D01A5000C236FF /* SpecSpec.m in Sources */,
				AE12B6D311D01A5500C236FF /* SpecSpec2.m in Sources */,
				AE12B6D511D01A7B00C236FF /* main.m in Sources */,
				AE2ECF2711D1438500580726 /* SlowSpec.m in Sources */,
			);
			runOnlyForDeploymentPostprocessing = 0;
		};
		AE603D3A118CCA7000D312FC /* Sources */ = {
			isa = PBXSourcesBuildPhase;
			buildActionMask = 2147483647;
			files = (
				AE603DCA118CCCBE00D312FC /* SpecSpec.m in Sources */,
				AE603DCB118CCCC700D312FC /* SpecSpec2.m in Sources */,
				AE603E15118CCE1F00D312FC /* main.m in Sources */,
				AE16DC7B11BB514300270D0B /* CppSpecSpec.mm in Sources */,
				AE2B9EE311BD5EE900DC1BF2 /* CDRExampleSpec.m in Sources */,
				AE2B9FE811BD76C700DC1BF2 /* CDRExampleGroupSpec.m in Sources */,
			);
			runOnlyForDeploymentPostprocessing = 0;
		};
		AED41F2911B869D0006DBB00 /* Sources */ = {
			isa = PBXSourcesBuildPhase;
			buildActionMask = 2147483647;
			files = (
				AED41F3211B86A44006DBB00 /* CDRDefaultRunner.m in Sources */,
				AED41F3311B86A44006DBB00 /* CDRExample.m in Sources */,
				AED41F3411B86A44006DBB00 /* CDRExampleBase.m in Sources */,
				AED41F3511B86A44006DBB00 /* CDRExampleGroup.m in Sources */,
				AED41F3611B86A44006DBB00 /* CDRSpec.m in Sources */,
				AED41F3711B86A44006DBB00 /* CDRFunctions.m in Sources */,
				AEBAB0C411B9D8120085EC6E /* CedarApplicationDelegate.m in Sources */,
				AE16DD6B11BC93F600270D0B /* CDRExampleRunnerViewController.m in Sources */,
				AE2ECBAA11D03F6000580726 /* CDRSpecStatusViewController.m in Sources */,
				AE2ECEB711D13BA800580726 /* SpecStatusCell.m in Sources */,
			);
			runOnlyForDeploymentPostprocessing = 0;
		};
/* End PBXSourcesBuildPhase section */

/* Begin PBXTargetDependency section */
		AE2ECB6611D03A7600580726 /* PBXTargetDependency */ = {
			isa = PBXTargetDependency;
			target = AED41F2B11B869D0006DBB00 /* Cedar-StaticLib */;
			targetProxy = AE2ECB6511D03A7600580726 /* PBXContainerItemProxy */;
		};
		AE603D42118CCA7600D312FC /* PBXTargetDependency */ = {
			isa = PBXTargetDependency;
			target = 8DC2EF4F0486A6940098B216 /* Cedar */;
			targetProxy = AE603D41118CCA7600D312FC /* PBXContainerItemProxy */;
		};
/* End PBXTargetDependency section */

/* Begin PBXVariantGroup section */
		089C1666FE841158C02AAC07 /* InfoPlist.strings */ = {
			isa = PBXVariantGroup;
			children = (
				089C1667FE841158C02AAC07 /* English */,
			);
			name = InfoPlist.strings;
			sourceTree = "<group>";
		};
/* End PBXVariantGroup section */

/* Begin XCBuildConfiguration section */
		1DEB91AE08733DA50010E9CD /* Debug */ = {
			isa = XCBuildConfiguration;
			buildSettings = {
				ALWAYS_SEARCH_USER_PATHS = NO;
				COPY_PHASE_STRIP = NO;
				DYLIB_COMPATIBILITY_VERSION = 1;
				DYLIB_CURRENT_VERSION = 1;
				FRAMEWORK_VERSION = A;
				GCC_DYNAMIC_NO_PIC = NO;
				GCC_ENABLE_FIX_AND_CONTINUE = YES;
				GCC_MODEL_TUNING = G5;
				GCC_OPTIMIZATION_LEVEL = 0;
				GCC_PRECOMPILE_PREFIX_HEADER = YES;
				GCC_PREFIX_HEADER = "";
				INFOPLIST_FILE = Info.plist;
				INSTALL_PATH = "$(HOME)/Library/Frameworks";
				PRODUCT_NAME = Cedar;
				WRAPPER_EXTENSION = framework;
			};
			name = Debug;
		};
		1DEB91AF08733DA50010E9CD /* Release */ = {
			isa = XCBuildConfiguration;
			buildSettings = {
				ALWAYS_SEARCH_USER_PATHS = NO;
				DEBUG_INFORMATION_FORMAT = "dwarf-with-dsym";
				DYLIB_COMPATIBILITY_VERSION = 1;
				DYLIB_CURRENT_VERSION = 1;
				FRAMEWORK_VERSION = A;
				GCC_MODEL_TUNING = G5;
				GCC_PRECOMPILE_PREFIX_HEADER = YES;
				GCC_PREFIX_HEADER = "";
				INFOPLIST_FILE = Info.plist;
				INSTALL_PATH = "$(HOME)/Library/Frameworks";
				PRODUCT_NAME = Cedar;
				WRAPPER_EXTENSION = framework;
			};
			name = Release;
		};
		1DEB91B208733DA50010E9CD /* Debug */ = {
			isa = XCBuildConfiguration;
			buildSettings = {
				ARCHS = "$(ARCHS_STANDARD_32_64_BIT)";
				GCC_C_LANGUAGE_STANDARD = gnu99;
				GCC_OPTIMIZATION_LEVEL = 0;
				GCC_WARN_ABOUT_RETURN_TYPE = YES;
				GCC_WARN_UNUSED_VARIABLE = YES;
				ONLY_ACTIVE_ARCH = NO;
				PREBINDING = NO;
				SDKROOT = macosx10.6;
			};
			name = Debug;
		};
		1DEB91B308733DA50010E9CD /* Release */ = {
			isa = XCBuildConfiguration;
			buildSettings = {
				ARCHS = "$(ARCHS_STANDARD_32_64_BIT)";
				GCC_C_LANGUAGE_STANDARD = gnu99;
				GCC_WARN_ABOUT_RETURN_TYPE = YES;
				GCC_WARN_UNUSED_VARIABLE = YES;
				ONLY_ACTIVE_ARCH = NO;
				PREBINDING = NO;
				SDKROOT = macosx10.6;
			};
			name = Release;
		};
		AE0CDEBA11C84CBE00EF2275 /* Debug */ = {
			isa = XCBuildConfiguration;
			buildSettings = {
				COPY_PHASE_STRIP = NO;
				GCC_DYNAMIC_NO_PIC = NO;
				GCC_OPTIMIZATION_LEVEL = 0;
				ONLY_ACTIVE_ARCH = YES;
				PRODUCT_NAME = "Cedar-iPhone";
			};
			name = Debug;
		};
		AE0CDEBB11C84CBE00EF2275 /* Release */ = {
			isa = XCBuildConfiguration;
			buildSettings = {
				COPY_PHASE_STRIP = YES;
				DEBUG_INFORMATION_FORMAT = "dwarf-with-dsym";
				GCC_ENABLE_FIX_AND_CONTINUE = NO;
				ONLY_ACTIVE_ARCH = YES;
				PRODUCT_NAME = "Cedar-iPhone";
				ZERO_LINK = NO;
			};
			name = Release;
		};
		AE12B63511D0191000C236FF /* Debug */ = {
			isa = XCBuildConfiguration;
			buildSettings = {
				ALWAYS_SEARCH_USER_PATHS = NO;
				ARCHS = "$(ARCHS_STANDARD_32_BIT)";
				CODE_SIGN_IDENTITY = "iPhone Developer";
				COPY_PHASE_STRIP = NO;
				FRAMEWORK_SEARCH_PATHS = (
					"$(inherited)",
					"\"$(SRCROOT)/../OCHamcrest/Source/build/Release-iphoneuniversal\"",
					"\"$(SRCROOT)/../OCMock/Source/build/Release-iphoneuniversal\"",
					"\"$(SRCROOT)/../StoryAccepter\"",
				);
				GCC_DYNAMIC_NO_PIC = NO;
				GCC_OPTIMIZATION_LEVEL = 0;
				GCC_PRECOMPILE_PREFIX_HEADER = YES;
				GCC_PREFIX_HEADER = "$(SYSTEM_LIBRARY_DIR)/Frameworks/UIKit.framework/Headers/UIKit.h";
				GCC_VERSION = coop.plausible.blocks.compilers.gcc.4_2;
				INFOPLIST_FILE = "iPhoneSpecs-Info.plist";
				INSTALL_PATH = "$(HOME)/Applications";
				ONLY_ACTIVE_ARCH = YES;
				OTHER_LDFLAGS = (
					"-lstdc++",
					"-all_load",
					"-ObjC",
					"-framework",
					Foundation,
					"-framework",
					UIKit,
				);
				PREBINDING = NO;
				PRODUCT_NAME = iPhoneSpecs;
				SDKROOT = iphonesimulator3.1.3;
			};
			name = Debug;
		};
		AE12B63611D0191000C236FF /* Release */ = {
			isa = XCBuildConfiguration;
			buildSettings = {
				ALWAYS_SEARCH_USER_PATHS = NO;
				ARCHS = "$(ARCHS_STANDARD_32_BIT)";
				CODE_SIGN_IDENTITY = "iPhone Developer";
				COPY_PHASE_STRIP = YES;
				DEBUG_INFORMATION_FORMAT = "dwarf-with-dsym";
				FRAMEWORK_SEARCH_PATHS = (
					"$(inherited)",
					"\"$(SRCROOT)/../OCHamcrest/Source/build/Release-iphoneuniversal\"",
					"\"$(SRCROOT)/../OCMock/Source/build/Release-iphoneuniversal\"",
					"\"$(SRCROOT)/../StoryAccepter\"",
				);
				GCC_ENABLE_FIX_AND_CONTINUE = NO;
				GCC_PRECOMPILE_PREFIX_HEADER = YES;
				GCC_PREFIX_HEADER = "$(SYSTEM_LIBRARY_DIR)/Frameworks/UIKit.framework/Headers/UIKit.h";
				GCC_VERSION = coop.plausible.blocks.compilers.gcc.4_2;
				INFOPLIST_FILE = "iPhoneSpecs-Info.plist";
				INSTALL_PATH = "$(HOME)/Applications";
				ONLY_ACTIVE_ARCH = YES;
				OTHER_LDFLAGS = (
					"-lstdc++",
					"-all_load",
					"-ObjC",
					"-framework",
					Foundation,
					"-framework",
					UIKit,
				);
				PREBINDING = NO;
				PRODUCT_NAME = iPhoneSpecs;
				SDKROOT = iphonesimulator3.1.3;
				ZERO_LINK = NO;
			};
			name = Release;
		};
		AE603D3F118CCA7100D312FC /* Debug */ = {
			isa = XCBuildConfiguration;
			buildSettings = {
				ALWAYS_SEARCH_USER_PATHS = NO;
				COPY_PHASE_STRIP = NO;
				FRAMEWORK_SEARCH_PATHS = (
					"$(inherited)",
					"\"$(SRCROOT)\"",
					"\"$(SRCROOT)/../OCHamcrest/Source/build/Release-iphoneuniversal\"",
					"\"$(SRCROOT)/../OCMock/Source/build/Release-iphoneuniversal\"",
				);
				GCC_DYNAMIC_NO_PIC = NO;
				GCC_ENABLE_FIX_AND_CONTINUE = YES;
				GCC_MODEL_TUNING = G5;
				GCC_OPTIMIZATION_LEVEL = 0;
				GCC_PRECOMPILE_PREFIX_HEADER = YES;
				GCC_PREFIX_HEADER = "";
				INSTALL_PATH = /usr/local/bin;
				OTHER_LDFLAGS = (
					"-framework",
					Foundation,
				);
				PREBINDING = NO;
				PRODUCT_NAME = Test;
			};
			name = Debug;
		};
		AE603D40118CCA7100D312FC /* Release */ = {
			isa = XCBuildConfiguration;
			buildSettings = {
				ALWAYS_SEARCH_USER_PATHS = NO;
				COPY_PHASE_STRIP = YES;
				DEBUG_INFORMATION_FORMAT = "dwarf-with-dsym";
				FRAMEWORK_SEARCH_PATHS = (
					"$(inherited)",
					"\"$(SRCROOT)\"",
					"\"$(SRCROOT)/../OCHamcrest/Source/build/Release-iphoneuniversal\"",
					"\"$(SRCROOT)/../OCMock/Source/build/Release-iphoneuniversal\"",
				);
				GCC_ENABLE_FIX_AND_CONTINUE = NO;
				GCC_MODEL_TUNING = G5;
				GCC_PRECOMPILE_PREFIX_HEADER = YES;
				GCC_PREFIX_HEADER = "";
				INSTALL_PATH = /usr/local/bin;
				OTHER_LDFLAGS = (
					"-framework",
					Foundation,
				);
				PREBINDING = NO;
				PRODUCT_NAME = Test;
				ZERO_LINK = NO;
			};
			name = Release;
		};
		AED41F2D11B869D1006DBB00 /* Debug */ = {
			isa = XCBuildConfiguration;
			buildSettings = {
				ALWAYS_SEARCH_USER_PATHS = NO;
				ARCHS = "$(ARCHS_STANDARD_32_BIT)";
				COPY_PHASE_STRIP = NO;
				GCC_DYNAMIC_NO_PIC = NO;
				GCC_OPTIMIZATION_LEVEL = 0;
				ONLY_ACTIVE_ARCH = NO;
				PREBINDING = NO;
				PRODUCT_NAME = "Cedar-StaticLib${EFFECTIVE_PLATFORM_NAME}";
				SDKROOT = iphonesimulator3.2;
			};
			name = Debug;
		};
		AED41F2E11B869D1006DBB00 /* Release */ = {
			isa = XCBuildConfiguration;
			buildSettings = {
				ALWAYS_SEARCH_USER_PATHS = NO;
				ARCHS = "$(ARCHS_STANDARD_32_BIT)";
				COPY_PHASE_STRIP = YES;
				DEBUG_INFORMATION_FORMAT = "dwarf-with-dsym";
				GCC_ENABLE_FIX_AND_CONTINUE = NO;
				ONLY_ACTIVE_ARCH = NO;
				PREBINDING = NO;
				PRODUCT_NAME = "Cedar-StaticLib${EFFECTIVE_PLATFORM_NAME}";
				SDKROOT = iphonesimulator3.2;
				ZERO_LINK = NO;
			};
			name = Release;
		};
/* End XCBuildConfiguration section */

/* Begin XCConfigurationList section */
		1DEB91AD08733DA50010E9CD /* Build configuration list for PBXNativeTarget "Cedar" */ = {
			isa = XCConfigurationList;
			buildConfigurations = (
				1DEB91AE08733DA50010E9CD /* Debug */,
				1DEB91AF08733DA50010E9CD /* Release */,
			);
			defaultConfigurationIsVisible = 0;
			defaultConfigurationName = Release;
		};
		1DEB91B108733DA50010E9CD /* Build configuration list for PBXProject "Cedar" */ = {
			isa = XCConfigurationList;
			buildConfigurations = (
				1DEB91B208733DA50010E9CD /* Debug */,
				1DEB91B308733DA50010E9CD /* Release */,
			);
			defaultConfigurationIsVisible = 0;
			defaultConfigurationName = Release;
		};
		AE0CDEBE11C84CE200EF2275 /* Build configuration list for PBXAggregateTarget "Cedar-iPhone" */ = {
			isa = XCConfigurationList;
			buildConfigurations = (
				AE0CDEBA11C84CBE00EF2275 /* Debug */,
				AE0CDEBB11C84CBE00EF2275 /* Release */,
			);
			defaultConfigurationIsVisible = 0;
			defaultConfigurationName = Release;
		};
		AE12B63711D0191000C236FF /* Build configuration list for PBXNativeTarget "iPhoneSpecs" */ = {
			isa = XCConfigurationList;
			buildConfigurations = (
				AE12B63511D0191000C236FF /* Debug */,
				AE12B63611D0191000C236FF /* Release */,
			);
			defaultConfigurationIsVisible = 0;
			defaultConfigurationName = Release;
		};
		AE603D45118CCA9B00D312FC /* Build configuration list for PBXNativeTarget "Specs" */ = {
			isa = XCConfigurationList;
			buildConfigurations = (
				AE603D3F118CCA7100D312FC /* Debug */,
				AE603D40118CCA7100D312FC /* Release */,
			);
			defaultConfigurationIsVisible = 0;
			defaultConfigurationName = Release;
		};
		AED41F3111B86A3B006DBB00 /* Build configuration list for PBXNativeTarget "Cedar-StaticLib" */ = {
			isa = XCConfigurationList;
			buildConfigurations = (
				AED41F2D11B869D1006DBB00 /* Debug */,
				AED41F2E11B869D1006DBB00 /* Release */,
			);
			defaultConfigurationIsVisible = 0;
			defaultConfigurationName = Release;
		};
/* End XCConfigurationList section */
	};
	rootObject = 0867D690FE84028FC02AAC07 /* Project object */;
}
